
Microsoft Visual Studio Solution File, Format Version 12.00
# Visual Studio Version 17
VisualStudioVersion = 17.10.35004.147
MinimumVisualStudioVersion = 10.0.40219.1
Project("{FAE04EC0-301F-11D3-BF4B-00C04F79EFBC}") = "LoadoutSpawner", "LoadoutSpawner.csproj", "{CDBA585A-FB24-4F5E-BF93-BB991F78AB47}"
EndProject
Global
	GlobalSection(SolutionConfigurationPlatforms) = preSolution
		Debug|Any CPU = Debug|Any CPU
		Release|Any CPU = Release|Any CPU
	EndGlobalSection
	GlobalSection(ProjectConfigurationPlatforms) = postSolution
		{CDBA585A-FB24-4F5E-BF93-BB991F78AB47}.Debug|Any CPU.ActiveCfg = Debug|Any CPU
		{CDBA585A-FB24-4F5E-BF93-BB991F78AB47}.Debug|Any CPU.Build.0 = Debug|Any CPU
		{CDBA585A-FB24-4F5E-BF93-BB991F78AB47}.Release|Any CPU.ActiveCfg = Release|Any CPU
		{CDBA585A-FB24-4F5E-BF93-BB991F78AB47}.Release|Any CPU.Build.0 = Release|Any CPU
	EndGlobalSection
	GlobalSection(SolutionProperties) = preSolution
		HideSolutionNode = FALSE
	EndGlobalSection
	GlobalSection(ExtensibilityGlobals) = postSolution
		SolutionGuid = {87CC12F5-C88B-4BE1-B04D-BF56E4491336}
	EndGlobalSection
EndGlobal
